// !$*UTF8*$!
{
	archiveVersion = 1;
	classes = {
	};
	objectVersion = 56;
	objects = {

/* Begin PBXBuildFile section */
		78691A1B29787FA0006B3F8A /* AppDelegate.swift in Sources */ = {isa = PBXBuildFile; fileRef = 78691A1A29787FA0006B3F8A /* AppDelegate.swift */; };
		78691A1D29787FA0006B3F8A /* SceneDelegate.swift in Sources */ = {isa = PBXBuildFile; fileRef = 78691A1C29787FA0006B3F8A /* SceneDelegate.swift */; };
		78691A1F29787FA0006B3F8A /* DynamicCoinSceneViewController.swift in Sources */ = {isa = PBXBuildFile; fileRef = 78691A1E29787FA0006B3F8A /* DynamicCoinSceneViewController.swift */; };
		78691A2229787FA0006B3F8A /* DynamicCoin.storyboard in Resources */ = {isa = PBXBuildFile; fileRef = 78691A2029787FA0006B3F8A /* DynamicCoin.storyboard */; };
		78691A2429787FA1006B3F8A /* Assets.xcassets in Resources */ = {isa = PBXBuildFile; fileRef = 78691A2329787FA1006B3F8A /* Assets.xcassets */; };
		78691A2729787FA1006B3F8A /* LaunchScreen.storyboard in Resources */ = {isa = PBXBuildFile; fileRef = 78691A2529787FA1006B3F8A /* LaunchScreen.storyboard */; };
		78691A3229787FA1006B3F8A /* CoinCapTests.swift in Sources */ = {isa = PBXBuildFile; fileRef = 78691A3129787FA1006B3F8A /* CoinCapTests.swift */; };
		78691A3C29787FA1006B3F8A /* CoinCapUITests.swift in Sources */ = {isa = PBXBuildFile; fileRef = 78691A3B29787FA1006B3F8A /* CoinCapUITests.swift */; };
		78691A3E29787FA1006B3F8A /* CoinCapUITestsLaunchTests.swift in Sources */ = {isa = PBXBuildFile; fileRef = 78691A3D29787FA1006B3F8A /* CoinCapUITestsLaunchTests.swift */; };
		78691A5229789D10006B3F8A /* Starscream in Frameworks */ = {isa = PBXBuildFile; productRef = 78691A5129789D10006B3F8A /* Starscream */; };
		78691A612978DC2A006B3F8A /* CCSocketService.swift in Sources */ = {isa = PBXBuildFile; fileRef = 78691A602978DC2A006B3F8A /* CCSocketService.swift */; };
		78691A672979863A006B3F8A /* DynamicCoinSceneModels.swift in Sources */ = {isa = PBXBuildFile; fileRef = 78691A652979863A006B3F8A /* DynamicCoinSceneModels.swift */; };
		78691A6A29798AC3006B3F8A /* DynamicCoinScenePresenter.swift in Sources */ = {isa = PBXBuildFile; fileRef = 78691A6929798AC3006B3F8A /* DynamicCoinScenePresenter.swift */; };
		78691A6C29798AD7006B3F8A /* DynamicCoinSceneRouter.swift in Sources */ = {isa = PBXBuildFile; fileRef = 78691A6B29798AD7006B3F8A /* DynamicCoinSceneRouter.swift */; };
		78691A6E29798AEB006B3F8A /* DynamicCoinSceneInteractor.swift in Sources */ = {isa = PBXBuildFile; fileRef = 78691A6D29798AEB006B3F8A /* DynamicCoinSceneInteractor.swift */; };
		78691A702979AD62006B3F8A /* DynamicCoinSceneFlow.swift in Sources */ = {isa = PBXBuildFile; fileRef = 78691A6F2979AD62006B3F8A /* DynamicCoinSceneFlow.swift */; };
		78691A742979DA2D006B3F8A /* TabBarFlow.swift in Sources */ = {isa = PBXBuildFile; fileRef = 78691A732979DA2D006B3F8A /* TabBarFlow.swift */; };
		78691A772979E6D1006B3F8A /* SwiftyBeaver in Frameworks */ = {isa = PBXBuildFile; productRef = 78691A762979E6D1006B3F8A /* SwiftyBeaver */; };
/* End PBXBuildFile section */

/* Begin PBXContainerItemProxy section */
		78691A2E29787FA1006B3F8A /* PBXContainerItemProxy */ = {
			isa = PBXContainerItemProxy;
			containerPortal = 78691A0F29787FA0006B3F8A /* Project object */;
			proxyType = 1;
			remoteGlobalIDString = 78691A1629787FA0006B3F8A;
			remoteInfo = CoinCap;
		};
		78691A3829787FA1006B3F8A /* PBXContainerItemProxy */ = {
			isa = PBXContainerItemProxy;
			containerPortal = 78691A0F29787FA0006B3F8A /* Project object */;
			proxyType = 1;
			remoteGlobalIDString = 78691A1629787FA0006B3F8A;
			remoteInfo = CoinCap;
		};
/* End PBXContainerItemProxy section */

/* Begin PBXFileReference section */
		78691A1729787FA0006B3F8A /* CoinCap.app */ = {isa = PBXFileReference; explicitFileType = wrapper.application; includeInIndex = 0; path = CoinCap.app; sourceTree = BUILT_PRODUCTS_DIR; };
		78691A1A29787FA0006B3F8A /* AppDelegate.swift */ = {isa = PBXFileReference; lastKnownFileType = sourcecode.swift; path = AppDelegate.swift; sourceTree = "<group>"; };
		78691A1C29787FA0006B3F8A /* SceneDelegate.swift */ = {isa = PBXFileReference; lastKnownFileType = sourcecode.swift; path = SceneDelegate.swift; sourceTree = "<group>"; };
		78691A1E29787FA0006B3F8A /* DynamicCoinSceneViewController.swift */ = {isa = PBXFileReference; lastKnownFileType = sourcecode.swift; path = DynamicCoinSceneViewController.swift; sourceTree = "<group>"; };
		78691A2129787FA0006B3F8A /* Base */ = {isa = PBXFileReference; lastKnownFileType = file.storyboard; name = Base; path = Base.lproj/DynamicCoin.storyboard; sourceTree = "<group>"; };
		78691A2329787FA1006B3F8A /* Assets.xcassets */ = {isa = PBXFileReference; lastKnownFileType = folder.assetcatalog; path = Assets.xcassets; sourceTree = "<group>"; };
		78691A2629787FA1006B3F8A /* Base */ = {isa = PBXFileReference; lastKnownFileType = file.storyboard; name = Base; path = Base.lproj/LaunchScreen.storyboard; sourceTree = "<group>"; };
		78691A2829787FA1006B3F8A /* Info.plist */ = {isa = PBXFileReference; lastKnownFileType = text.plist.xml; path = Info.plist; sourceTree = "<group>"; };
		78691A2D29787FA1006B3F8A /* CoinCapTests.xctest */ = {isa = PBXFileReference; explicitFileType = wrapper.cfbundle; includeInIndex = 0; path = CoinCapTests.xctest; sourceTree = BUILT_PRODUCTS_DIR; };
		78691A3129787FA1006B3F8A /* CoinCapTests.swift */ = {isa = PBXFileReference; lastKnownFileType = sourcecode.swift; path = CoinCapTests.swift; sourceTree = "<group>"; };
		78691A3729787FA1006B3F8A /* CoinCapUITests.xctest */ = {isa = PBXFileReference; explicitFileType = wrapper.cfbundle; includeInIndex = 0; path = CoinCapUITests.xctest; sourceTree = BUILT_PRODUCTS_DIR; };
		78691A3B29787FA1006B3F8A /* CoinCapUITests.swift */ = {isa = PBXFileReference; lastKnownFileType = sourcecode.swift; path = CoinCapUITests.swift; sourceTree = "<group>"; };
		78691A3D29787FA1006B3F8A /* CoinCapUITestsLaunchTests.swift */ = {isa = PBXFileReference; lastKnownFileType = sourcecode.swift; path = CoinCapUITestsLaunchTests.swift; sourceTree = "<group>"; };
		78691A602978DC2A006B3F8A /* CCSocketService.swift */ = {isa = PBXFileReference; lastKnownFileType = sourcecode.swift; path = CCSocketService.swift; sourceTree = "<group>"; };
		78691A652979863A006B3F8A /* DynamicCoinSceneModels.swift */ = {isa = PBXFileReference; lastKnownFileType = sourcecode.swift; path = DynamicCoinSceneModels.swift; sourceTree = "<group>"; };
		78691A6929798AC3006B3F8A /* DynamicCoinScenePresenter.swift */ = {isa = PBXFileReference; lastKnownFileType = sourcecode.swift; path = DynamicCoinScenePresenter.swift; sourceTree = "<group>"; };
		78691A6B29798AD7006B3F8A /* DynamicCoinSceneRouter.swift */ = {isa = PBXFileReference; lastKnownFileType = sourcecode.swift; path = DynamicCoinSceneRouter.swift; sourceTree = "<group>"; };
		78691A6D29798AEB006B3F8A /* DynamicCoinSceneInteractor.swift */ = {isa = PBXFileReference; lastKnownFileType = sourcecode.swift; path = DynamicCoinSceneInteractor.swift; sourceTree = "<group>"; };
		78691A6F2979AD62006B3F8A /* DynamicCoinSceneFlow.swift */ = {isa = PBXFileReference; lastKnownFileType = sourcecode.swift; path = DynamicCoinSceneFlow.swift; sourceTree = "<group>"; };
		78691A732979DA2D006B3F8A /* TabBarFlow.swift */ = {isa = PBXFileReference; lastKnownFileType = sourcecode.swift; path = TabBarFlow.swift; sourceTree = "<group>"; };
/* End PBXFileReference section */

/* Begin PBXFrameworksBuildPhase section */
		78691A1429787FA0006B3F8A /* Frameworks */ = {
			isa = PBXFrameworksBuildPhase;
			buildActionMask = 2147483647;
			files = (
				78691A5229789D10006B3F8A /* Starscream in Frameworks */,
				78691A772979E6D1006B3F8A /* SwiftyBeaver in Frameworks */,
			);
			runOnlyForDeploymentPostprocessing = 0;
		};
		78691A2A29787FA1006B3F8A /* Frameworks */ = {
			isa = PBXFrameworksBuildPhase;
			buildActionMask = 2147483647;
			files = (
			);
			runOnlyForDeploymentPostprocessing = 0;
		};
		78691A3429787FA1006B3F8A /* Frameworks */ = {
			isa = PBXFrameworksBuildPhase;
			buildActionMask = 2147483647;
			files = (
			);
			runOnlyForDeploymentPostprocessing = 0;
		};
/* End PBXFrameworksBuildPhase section */

/* Begin PBXGroup section */
		78691A0E29787FA0006B3F8A = {
			isa = PBXGroup;
			children = (
				78691A1929787FA0006B3F8A /* CoinCap */,
				78691A3029787FA1006B3F8A /* CoinCapTests */,
				78691A3A29787FA1006B3F8A /* CoinCapUITests */,
				78691A1829787FA0006B3F8A /* Products */,
			);
			sourceTree = "<group>";
		};
		78691A1829787FA0006B3F8A /* Products */ = {
			isa = PBXGroup;
			children = (
				78691A1729787FA0006B3F8A /* CoinCap.app */,
				78691A2D29787FA1006B3F8A /* CoinCapTests.xctest */,
				78691A3729787FA1006B3F8A /* CoinCapUITests.xctest */,
			);
			name = Products;
			sourceTree = "<group>";
		};
		78691A1929787FA0006B3F8A /* CoinCap */ = {
			isa = PBXGroup;
			children = (
				78691A532978A5DF006B3F8A /* Classes */,
				78691A542978A5ED006B3F8A /* Resources */,
				78691A562978A6AA006B3F8A /* Scripts */,
				78691A552978A693006B3F8A /* Supporting Files */,
			);
			path = CoinCap;
			sourceTree = "<group>";
		};
		78691A3029787FA1006B3F8A /* CoinCapTests */ = {
			isa = PBXGroup;
			children = (
				78691A3129787FA1006B3F8A /* CoinCapTests.swift */,
			);
			path = CoinCapTests;
			sourceTree = "<group>";
		};
		78691A3A29787FA1006B3F8A /* CoinCapUITests */ = {
			isa = PBXGroup;
			children = (
				78691A3B29787FA1006B3F8A /* CoinCapUITests.swift */,
				78691A3D29787FA1006B3F8A /* CoinCapUITestsLaunchTests.swift */,
			);
			path = CoinCapUITests;
			sourceTree = "<group>";
		};
		78691A532978A5DF006B3F8A /* Classes */ = {
			isa = PBXGroup;
			children = (
				78691A572978B2E5006B3F8A /* ApplicationLayer */,
				78691A582978B339006B3F8A /* BusinessLogicLayer */,
				78691A5B2978B49F006B3F8A /* CoreLayer */,
				78691A5D2978B4CF006B3F8A /* PresentationLayer */,
			);
			path = Classes;
			sourceTree = "<group>";
		};
		78691A542978A5ED006B3F8A /* Resources */ = {
			isa = PBXGroup;
			children = (
				78691A2329787FA1006B3F8A /* Assets.xcassets */,
			);
			path = Resources;
			sourceTree = "<group>";
		};
		78691A552978A693006B3F8A /* Supporting Files */ = {
			isa = PBXGroup;
			children = (
				78691A2829787FA1006B3F8A /* Info.plist */,
			);
			path = "Supporting Files";
			sourceTree = "<group>";
		};
		78691A562978A6AA006B3F8A /* Scripts */ = {
			isa = PBXGroup;
			children = (
			);
			path = Scripts;
			sourceTree = "<group>";
		};
		78691A572978B2E5006B3F8A /* ApplicationLayer */ = {
			isa = PBXGroup;
			children = (
				78691A1A29787FA0006B3F8A /* AppDelegate.swift */,
				78691A1C29787FA0006B3F8A /* SceneDelegate.swift */,
			);
			path = ApplicationLayer;
			sourceTree = "<group>";
		};
		78691A582978B339006B3F8A /* BusinessLogicLayer */ = {
			isa = PBXGroup;
			children = (
				78691A5A2978B473006B3F8A /* Assemblies */,
				78691A592978B3FF006B3F8A /* Services */,
			);
			path = BusinessLogicLayer;
			sourceTree = "<group>";
		};
		78691A592978B3FF006B3F8A /* Services */ = {
			isa = PBXGroup;
			children = (
				78691A602978DC2A006B3F8A /* CCSocketService.swift */,
			);
			path = Services;
			sourceTree = "<group>";
		};
		78691A5A2978B473006B3F8A /* Assemblies */ = {
			isa = PBXGroup;
			children = (
			);
			path = Assemblies;
			sourceTree = "<group>";
		};
		78691A5B2978B49F006B3F8A /* CoreLayer */ = {
			isa = PBXGroup;
			children = (
				78691A5C2978B4AF006B3F8A /* Assemblies */,
			);
			path = CoreLayer;
			sourceTree = "<group>";
		};
		78691A5C2978B4AF006B3F8A /* Assemblies */ = {
			isa = PBXGroup;
			children = (
			);
			path = Assemblies;
			sourceTree = "<group>";
		};
		78691A5D2978B4CF006B3F8A /* PresentationLayer */ = {
			isa = PBXGroup;
			children = (
				78691A722979DA06006B3F8A /* TabBar */,
				78691A622979856D006B3F8A /* SocketScene */,
				78691A5E2978B645006B3F8A /* Assemblies */,
				78691A5F2978B655006B3F8A /* LaunchScreen */,
			);
			path = PresentationLayer;
			sourceTree = "<group>";
		};
		78691A5E2978B645006B3F8A /* Assemblies */ = {
			isa = PBXGroup;
			children = (
			);
			path = Assemblies;
			sourceTree = "<group>";
		};
		78691A5F2978B655006B3F8A /* LaunchScreen */ = {
			isa = PBXGroup;
			children = (
				78691A2529787FA1006B3F8A /* LaunchScreen.storyboard */,
			);
			path = LaunchScreen;
			sourceTree = "<group>";
		};
		78691A622979856D006B3F8A /* SocketScene */ = {
			isa = PBXGroup;
			children = (
				78691A1E29787FA0006B3F8A /* DynamicCoinSceneViewController.swift */,
				78691A652979863A006B3F8A /* DynamicCoinSceneModels.swift */,
				78691A6929798AC3006B3F8A /* DynamicCoinScenePresenter.swift */,
				78691A6B29798AD7006B3F8A /* DynamicCoinSceneRouter.swift */,
				78691A6F2979AD62006B3F8A /* DynamicCoinSceneFlow.swift */,
				78691A6D29798AEB006B3F8A /* DynamicCoinSceneInteractor.swift */,
				78691A2029787FA0006B3F8A /* DynamicCoin.storyboard */,
			);
			path = SocketScene;
			sourceTree = "<group>";
		};
		78691A722979DA06006B3F8A /* TabBar */ = {
			isa = PBXGroup;
			children = (
				78691A732979DA2D006B3F8A /* TabBarFlow.swift */,
			);
			path = TabBar;
			sourceTree = "<group>";
		};
/* End PBXGroup section */

/* Begin PBXNativeTarget section */
		78691A1629787FA0006B3F8A /* CoinCap */ = {
			isa = PBXNativeTarget;
			buildConfigurationList = 78691A4129787FA1006B3F8A /* Build configuration list for PBXNativeTarget "CoinCap" */;
			buildPhases = (
				78691A1329787FA0006B3F8A /* Sources */,
				78691A1429787FA0006B3F8A /* Frameworks */,
				78691A1529787FA0006B3F8A /* Resources */,
			);
			buildRules = (
			);
			dependencies = (
			);
			name = CoinCap;
			packageProductDependencies = (
				78691A5129789D10006B3F8A /* Starscream */,
				78691A762979E6D1006B3F8A /* SwiftyBeaver */,
			);
			productName = CoinCap;
			productReference = 78691A1729787FA0006B3F8A /* CoinCap.app */;
			productType = "com.apple.product-type.application";
		};
		78691A2C29787FA1006B3F8A /* CoinCapTests */ = {
			isa = PBXNativeTarget;
			buildConfigurationList = 78691A4429787FA1006B3F8A /* Build configuration list for PBXNativeTarget "CoinCapTests" */;
			buildPhases = (
				78691A2929787FA1006B3F8A /* Sources */,
				78691A2A29787FA1006B3F8A /* Frameworks */,
				78691A2B29787FA1006B3F8A /* Resources */,
			);
			buildRules = (
			);
			dependencies = (
				78691A2F29787FA1006B3F8A /* PBXTargetDependency */,
			);
			name = CoinCapTests;
			productName = CoinCapTests;
			productReference = 78691A2D29787FA1006B3F8A /* CoinCapTests.xctest */;
			productType = "com.apple.product-type.bundle.unit-test";
		};
		78691A3629787FA1006B3F8A /* CoinCapUITests */ = {
			isa = PBXNativeTarget;
			buildConfigurationList = 78691A4729787FA1006B3F8A /* Build configuration list for PBXNativeTarget "CoinCapUITests" */;
			buildPhases = (
				78691A3329787FA1006B3F8A /* Sources */,
				78691A3429787FA1006B3F8A /* Frameworks */,
				78691A3529787FA1006B3F8A /* Resources */,
			);
			buildRules = (
			);
			dependencies = (
				78691A3929787FA1006B3F8A /* PBXTargetDependency */,
			);
			name = CoinCapUITests;
			productName = CoinCapUITests;
			productReference = 78691A3729787FA1006B3F8A /* CoinCapUITests.xctest */;
			productType = "com.apple.product-type.bundle.ui-testing";
		};
/* End PBXNativeTarget section */

/* Begin PBXProject section */
		78691A0F29787FA0006B3F8A /* Project object */ = {
			isa = PBXProject;
			attributes = {
				BuildIndependentTargetsInParallel = 1;
				LastSwiftUpdateCheck = 1420;
				LastUpgradeCheck = 1420;
				TargetAttributes = {
					78691A1629787FA0006B3F8A = {
						CreatedOnToolsVersion = 14.2;
					};
					78691A2C29787FA1006B3F8A = {
						CreatedOnToolsVersion = 14.2;
						TestTargetID = 78691A1629787FA0006B3F8A;
					};
					78691A3629787FA1006B3F8A = {
						CreatedOnToolsVersion = 14.2;
						TestTargetID = 78691A1629787FA0006B3F8A;
					};
				};
			};
			buildConfigurationList = 78691A1229787FA0006B3F8A /* Build configuration list for PBXProject "CoinCap" */;
			compatibilityVersion = "Xcode 14.0";
			developmentRegion = en;
			hasScannedForEncodings = 0;
			knownRegions = (
				en,
				Base,
			);
			mainGroup = 78691A0E29787FA0006B3F8A;
			packageReferences = (
				78691A5029789D10006B3F8A /* XCRemoteSwiftPackageReference "Starscream" */,
				78691A752979E6D1006B3F8A /* XCRemoteSwiftPackageReference "SwiftyBeaver" */,
			);
			productRefGroup = 78691A1829787FA0006B3F8A /* Products */;
			projectDirPath = "";
			projectRoot = "";
			targets = (
				78691A1629787FA0006B3F8A /* CoinCap */,
				78691A2C29787FA1006B3F8A /* CoinCapTests */,
				78691A3629787FA1006B3F8A /* CoinCapUITests */,
			);
		};
/* End PBXProject section */

/* Begin PBXResourcesBuildPhase section */
		78691A1529787FA0006B3F8A /* Resources */ = {
			isa = PBXResourcesBuildPhase;
			buildActionMask = 2147483647;
			files = (
				78691A2729787FA1006B3F8A /* LaunchScreen.storyboard in Resources */,
				78691A2429787FA1006B3F8A /* Assets.xcassets in Resources */,
				78691A2229787FA0006B3F8A /* DynamicCoin.storyboard in Resources */,
			);
			runOnlyForDeploymentPostprocessing = 0;
		};
		78691A2B29787FA1006B3F8A /* Resources */ = {
			isa = PBXResourcesBuildPhase;
			buildActionMask = 2147483647;
			files = (
			);
			runOnlyForDeploymentPostprocessing = 0;
		};
		78691A3529787FA1006B3F8A /* Resources */ = {
			isa = PBXResourcesBuildPhase;
			buildActionMask = 2147483647;
			files = (
			);
			runOnlyForDeploymentPostprocessing = 0;
		};
/* End PBXResourcesBuildPhase section */

/* Begin PBXSourcesBuildPhase section */
		78691A1329787FA0006B3F8A /* Sources */ = {
			isa = PBXSourcesBuildPhase;
			buildActionMask = 2147483647;
			files = (
				78691A672979863A006B3F8A /* DynamicCoinSceneModels.swift in Sources */,
				78691A702979AD62006B3F8A /* DynamicCoinSceneFlow.swift in Sources */,
				78691A612978DC2A006B3F8A /* CCSocketService.swift in Sources */,
				78691A6A29798AC3006B3F8A /* DynamicCoinScenePresenter.swift in Sources */,
				78691A6C29798AD7006B3F8A /* DynamicCoinSceneRouter.swift in Sources */,
				78691A6E29798AEB006B3F8A /* DynamicCoinSceneInteractor.swift in Sources */,
				78691A1F29787FA0006B3F8A /* DynamicCoinSceneViewController.swift in Sources */,
				78691A742979DA2D006B3F8A /* TabBarFlow.swift in Sources */,
				78691A1B29787FA0006B3F8A /* AppDelegate.swift in Sources */,
				78691A1D29787FA0006B3F8A /* SceneDelegate.swift in Sources */,
			);
			runOnlyForDeploymentPostprocessing = 0;
		};
		78691A2929787FA1006B3F8A /* Sources */ = {
			isa = PBXSourcesBuildPhase;
			buildActionMask = 2147483647;
			files = (
				78691A3229787FA1006B3F8A /* CoinCapTests.swift in Sources */,
			);
			runOnlyForDeploymentPostprocessing = 0;
		};
		78691A3329787FA1006B3F8A /* Sources */ = {
			isa = PBXSourcesBuildPhase;
			buildActionMask = 2147483647;
			files = (
				78691A3E29787FA1006B3F8A /* CoinCapUITestsLaunchTests.swift in Sources */,
				78691A3C29787FA1006B3F8A /* CoinCapUITests.swift in Sources */,
			);
			runOnlyForDeploymentPostprocessing = 0;
		};
/* End PBXSourcesBuildPhase section */

/* Begin PBXTargetDependency section */
		78691A2F29787FA1006B3F8A /* PBXTargetDependency */ = {
			isa = PBXTargetDependency;
			target = 78691A1629787FA0006B3F8A /* CoinCap */;
			targetProxy = 78691A2E29787FA1006B3F8A /* PBXContainerItemProxy */;
		};
		78691A3929787FA1006B3F8A /* PBXTargetDependency */ = {
			isa = PBXTargetDependency;
			target = 78691A1629787FA0006B3F8A /* CoinCap */;
			targetProxy = 78691A3829787FA1006B3F8A /* PBXContainerItemProxy */;
		};
/* End PBXTargetDependency section */

/* Begin PBXVariantGroup section */
		78691A2029787FA0006B3F8A /* DynamicCoin.storyboard */ = {
			isa = PBXVariantGroup;
			children = (
				78691A2129787FA0006B3F8A /* Base */,
			);
			name = DynamicCoin.storyboard;
			sourceTree = "<group>";
		};
		78691A2529787FA1006B3F8A /* LaunchScreen.storyboard */ = {
			isa = PBXVariantGroup;
			children = (
				78691A2629787FA1006B3F8A /* Base */,
			);
			name = LaunchScreen.storyboard;
			sourceTree = "<group>";
		};
/* End PBXVariantGroup section */

/* Begin XCBuildConfiguration section */
		78691A3F29787FA1006B3F8A /* Debug */ = {
			isa = XCBuildConfiguration;
			buildSettings = {
				ALWAYS_SEARCH_USER_PATHS = NO;
				CLANG_ANALYZER_NONNULL = YES;
				CLANG_ANALYZER_NUMBER_OBJECT_CONVERSION = YES_AGGRESSIVE;
				CLANG_CXX_LANGUAGE_STANDARD = "gnu++20";
				CLANG_ENABLE_MODULES = YES;
				CLANG_ENABLE_OBJC_ARC = YES;
				CLANG_ENABLE_OBJC_WEAK = YES;
				CLANG_WARN_BLOCK_CAPTURE_AUTORELEASING = YES;
				CLANG_WARN_BOOL_CONVERSION = YES;
				CLANG_WARN_COMMA = YES;
				CLANG_WARN_CONSTANT_CONVERSION = YES;
				CLANG_WARN_DEPRECATED_OBJC_IMPLEMENTATIONS = YES;
				CLANG_WARN_DIRECT_OBJC_ISA_USAGE = YES_ERROR;
				CLANG_WARN_DOCUMENTATION_COMMENTS = YES;
				CLANG_WARN_EMPTY_BODY = YES;
				CLANG_WARN_ENUM_CONVERSION = YES;
				CLANG_WARN_INFINITE_RECURSION = YES;
				CLANG_WARN_INT_CONVERSION = YES;
				CLANG_WARN_NON_LITERAL_NULL_CONVERSION = YES;
				CLANG_WARN_OBJC_IMPLICIT_RETAIN_SELF = YES;
				CLANG_WARN_OBJC_LITERAL_CONVERSION = YES;
				CLANG_WARN_OBJC_ROOT_CLASS = YES_ERROR;
				CLANG_WARN_QUOTED_INCLUDE_IN_FRAMEWORK_HEADER = YES;
				CLANG_WARN_RANGE_LOOP_ANALYSIS = YES;
				CLANG_WARN_STRICT_PROTOTYPES = YES;
				CLANG_WARN_SUSPICIOUS_MOVE = YES;
				CLANG_WARN_UNGUARDED_AVAILABILITY = YES_AGGRESSIVE;
				CLANG_WARN_UNREACHABLE_CODE = YES;
				CLANG_WARN__DUPLICATE_METHOD_MATCH = YES;
				COPY_PHASE_STRIP = NO;
				DEBUG_INFORMATION_FORMAT = dwarf;
				ENABLE_STRICT_OBJC_MSGSEND = YES;
				ENABLE_TESTABILITY = YES;
				GCC_C_LANGUAGE_STANDARD = gnu11;
				GCC_DYNAMIC_NO_PIC = NO;
				GCC_NO_COMMON_BLOCKS = YES;
				GCC_OPTIMIZATION_LEVEL = 0;
				GCC_PREPROCESSOR_DEFINITIONS = (
					"DEBUG=1",
					"$(inherited)",
				);
				GCC_WARN_64_TO_32_BIT_CONVERSION = YES;
				GCC_WARN_ABOUT_RETURN_TYPE = YES_ERROR;
				GCC_WARN_UNDECLARED_SELECTOR = YES;
				GCC_WARN_UNINITIALIZED_AUTOS = YES_AGGRESSIVE;
				GCC_WARN_UNUSED_FUNCTION = YES;
				GCC_WARN_UNUSED_VARIABLE = YES;
				IPHONEOS_DEPLOYMENT_TARGET = 16.2;
				MTL_ENABLE_DEBUG_INFO = INCLUDE_SOURCE;
				MTL_FAST_MATH = YES;
				ONLY_ACTIVE_ARCH = YES;
				SDKROOT = iphoneos;
				SWIFT_ACTIVE_COMPILATION_CONDITIONS = DEBUG;
				SWIFT_OPTIMIZATION_LEVEL = "-Onone";
			};
			name = Debug;
		};
		78691A4029787FA1006B3F8A /* Release */ = {
			isa = XCBuildConfiguration;
			buildSettings = {
				ALWAYS_SEARCH_USER_PATHS = NO;
				CLANG_ANALYZER_NONNULL = YES;
				CLANG_ANALYZER_NUMBER_OBJECT_CONVERSION = YES_AGGRESSIVE;
				CLANG_CXX_LANGUAGE_STANDARD = "gnu++20";
				CLANG_ENABLE_MODULES = YES;
				CLANG_ENABLE_OBJC_ARC = YES;
				CLANG_ENABLE_OBJC_WEAK = YES;
				CLANG_WARN_BLOCK_CAPTURE_AUTORELEASING = YES;
				CLANG_WARN_BOOL_CONVERSION = YES;
				CLANG_WARN_COMMA = YES;
				CLANG_WARN_CONSTANT_CONVERSION = YES;
				CLANG_WARN_DEPRECATED_OBJC_IMPLEMENTATIONS = YES;
				CLANG_WARN_DIRECT_OBJC_ISA_USAGE = YES_ERROR;
				CLANG_WARN_DOCUMENTATION_COMMENTS = YES;
				CLANG_WARN_EMPTY_BODY = YES;
				CLANG_WARN_ENUM_CONVERSION = YES;
				CLANG_WARN_INFINITE_RECURSION = YES;
				CLANG_WARN_INT_CONVERSION = YES;
				CLANG_WARN_NON_LITERAL_NULL_CONVERSION = YES;
				CLANG_WARN_OBJC_IMPLICIT_RETAIN_SELF = YES;
				CLANG_WARN_OBJC_LITERAL_CONVERSION = YES;
				CLANG_WARN_OBJC_ROOT_CLASS = YES_ERROR;
				CLANG_WARN_QUOTED_INCLUDE_IN_FRAMEWORK_HEADER = YES;
				CLANG_WARN_RANGE_LOOP_ANALYSIS = YES;
				CLANG_WARN_STRICT_PROTOTYPES = YES;
				CLANG_WARN_SUSPICIOUS_MOVE = YES;
				CLANG_WARN_UNGUARDED_AVAILABILITY = YES_AGGRESSIVE;
				CLANG_WARN_UNREACHABLE_CODE = YES;
				CLANG_WARN__DUPLICATE_METHOD_MATCH = YES;
				COPY_PHASE_STRIP = NO;
				DEBUG_INFORMATION_FORMAT = "dwarf-with-dsym";
				ENABLE_NS_ASSERTIONS = NO;
				ENABLE_STRICT_OBJC_MSGSEND = YES;
				GCC_C_LANGUAGE_STANDARD = gnu11;
				GCC_NO_COMMON_BLOCKS = YES;
				GCC_WARN_64_TO_32_BIT_CONVERSION = YES;
				GCC_WARN_ABOUT_RETURN_TYPE = YES_ERROR;
				GCC_WARN_UNDECLARED_SELECTOR = YES;
				GCC_WARN_UNINITIALIZED_AUTOS = YES_AGGRESSIVE;
				GCC_WARN_UNUSED_FUNCTION = YES;
				GCC_WARN_UNUSED_VARIABLE = YES;
				IPHONEOS_DEPLOYMENT_TARGET = 16.2;
				MTL_ENABLE_DEBUG_INFO = NO;
				MTL_FAST_MATH = YES;
				SDKROOT = iphoneos;
				SWIFT_COMPILATION_MODE = wholemodule;
				SWIFT_OPTIMIZATION_LEVEL = "-O";
				VALIDATE_PRODUCT = YES;
			};
			name = Release;
		};
		78691A4229787FA1006B3F8A /* Debug */ = {
			isa = XCBuildConfiguration;
			buildSettings = {
				ASSETCATALOG_COMPILER_APPICON_NAME = AppIcon;
				ASSETCATALOG_COMPILER_GLOBAL_ACCENT_COLOR_NAME = AccentColor;
				CODE_SIGN_STYLE = Automatic;
				CURRENT_PROJECT_VERSION = 1;
				DEVELOPMENT_TEAM = CSCETSS9EC;
				GENERATE_INFOPLIST_FILE = YES;
				INFOPLIST_FILE = "CoinCap/Supporting Files/Info.plist";
				INFOPLIST_KEY_UIApplicationSupportsIndirectInputEvents = YES;
				INFOPLIST_KEY_UILaunchStoryboardName = LaunchScreen;
				INFOPLIST_KEY_UIMainStoryboardFile = DynamicCoin;
				INFOPLIST_KEY_UISupportedInterfaceOrientations_iPad = "UIInterfaceOrientationPortrait UIInterfaceOrientationPortraitUpsideDown UIInterfaceOrientationLandscapeLeft UIInterfaceOrientationLandscapeRight";
				INFOPLIST_KEY_UISupportedInterfaceOrientations_iPhone = "UIInterfaceOrientationPortrait UIInterfaceOrientationLandscapeLeft UIInterfaceOrientationLandscapeRight";
				LD_RUNPATH_SEARCH_PATHS = (
					"$(inherited)",
					"@executable_path/Frameworks",
				);
				MARKETING_VERSION = 1.0;
				PRODUCT_BUNDLE_IDENTIFIER = ios.boardGame.CoinCap;
				PRODUCT_NAME = "$(TARGET_NAME)";
				SWIFT_EMIT_LOC_STRINGS = YES;
				SWIFT_VERSION = 5.0;
				TARGETED_DEVICE_FAMILY = "1,2";
			};
			name = Debug;
		};
		78691A4329787FA1006B3F8A /* Release */ = {
			isa = XCBuildConfiguration;
			buildSettings = {
				ASSETCATALOG_COMPILER_APPICON_NAME = AppIcon;
				ASSETCATALOG_COMPILER_GLOBAL_ACCENT_COLOR_NAME = AccentColor;
				CODE_SIGN_STYLE = Automatic;
				CURRENT_PROJECT_VERSION = 1;
				DEVELOPMENT_TEAM = CSCETSS9EC;
				GENERATE_INFOPLIST_FILE = YES;
				INFOPLIST_FILE = "CoinCap/Supporting Files/Info.plist";
				INFOPLIST_KEY_UIApplicationSupportsIndirectInputEvents = YES;
				INFOPLIST_KEY_UILaunchStoryboardName = LaunchScreen;
				INFOPLIST_KEY_UIMainStoryboardFile = DynamicCoin;
				INFOPLIST_KEY_UISupportedInterfaceOrientations_iPad = "UIInterfaceOrientationPortrait UIInterfaceOrientationPortraitUpsideDown UIInterfaceOrientationLandscapeLeft UIInterfaceOrientationLandscapeRight";
				INFOPLIST_KEY_UISupportedInterfaceOrientations_iPhone = "UIInterfaceOrientationPortrait UIInterfaceOrientationLandscapeLeft UIInterfaceOrientationLandscapeRight";
				LD_RUNPATH_SEARCH_PATHS = (
					"$(inherited)",
					"@executable_path/Frameworks",
				);
				MARKETING_VERSION = 1.0;
				PRODUCT_BUNDLE_IDENTIFIER = ios.boardGame.CoinCap;
				PRODUCT_NAME = "$(TARGET_NAME)";
				SWIFT_EMIT_LOC_STRINGS = YES;
				SWIFT_VERSION = 5.0;
				TARGETED_DEVICE_FAMILY = "1,2";
			};
			name = Release;
		};
		78691A4529787FA1006B3F8A /* Debug */ = {
			isa = XCBuildConfiguration;
			buildSettings = {
				ALWAYS_EMBED_SWIFT_STANDARD_LIBRARIES = YES;
				BUNDLE_LOADER = "$(TEST_HOST)";
				CODE_SIGN_STYLE = Automatic;
				CURRENT_PROJECT_VERSION = 1;
				DEVELOPMENT_TEAM = CSCETSS9EC;
				GENERATE_INFOPLIST_FILE = YES;
				IPHONEOS_DEPLOYMENT_TARGET = 16.2;
				MARKETING_VERSION = 1.0;
				PRODUCT_BUNDLE_IDENTIFIER = ios.boardGame.CoinCapTests;
				PRODUCT_NAME = "$(TARGET_NAME)";
				SWIFT_EMIT_LOC_STRINGS = NO;
				SWIFT_VERSION = 5.0;
				TARGETED_DEVICE_FAMILY = "1,2";
				TEST_HOST = "$(BUILT_PRODUCTS_DIR)/CoinCap.app/$(BUNDLE_EXECUTABLE_FOLDER_PATH)/CoinCap";
			};
			name = Debug;
		};
		78691A4629787FA1006B3F8A /* Release */ = {
			isa = XCBuildConfiguration;
			buildSettings = {
				ALWAYS_EMBED_SWIFT_STANDARD_LIBRARIES = YES;
				BUNDLE_LOADER = "$(TEST_HOST)";
				CODE_SIGN_STYLE = Automatic;
				CURRENT_PROJECT_VERSION = 1;
				DEVELOPMENT_TEAM = CSCETSS9EC;
				GENERATE_INFOPLIST_FILE = YES;
				IPHONEOS_DEPLOYMENT_TARGET = 16.2;
				MARKETING_VERSION = 1.0;
				PRODUCT_BUNDLE_IDENTIFIER = ios.boardGame.CoinCapTests;
				PRODUCT_NAME = "$(TARGET_NAME)";
				SWIFT_EMIT_LOC_STRINGS = NO;
				SWIFT_VERSION = 5.0;
				TARGETED_DEVICE_FAMILY = "1,2";
				TEST_HOST = "$(BUILT_PRODUCTS_DIR)/CoinCap.app/$(BUNDLE_EXECUTABLE_FOLDER_PATH)/CoinCap";
			};
			name = Release;
		};
		78691A4829787FA1006B3F8A /* Debug */ = {
			isa = XCBuildConfiguration;
			buildSettings = {
				ALWAYS_EMBED_SWIFT_STANDARD_LIBRARIES = YES;
				CODE_SIGN_STYLE = Automatic;
				CURRENT_PROJECT_VERSION = 1;
				DEVELOPMENT_TEAM = CSCETSS9EC;
				GENERATE_INFOPLIST_FILE = YES;
				MARKETING_VERSION = 1.0;
				PRODUCT_BUNDLE_IDENTIFIER = ios.boardGame.CoinCapUITests;
				PRODUCT_NAME = "$(TARGET_NAME)";
				SWIFT_EMIT_LOC_STRINGS = NO;
				SWIFT_VERSION = 5.0;
				TARGETED_DEVICE_FAMILY = "1,2";
				TEST_TARGET_NAME = CoinCap;
			};
			name = Debug;
		};
		78691A4929787FA1006B3F8A /* Release */ = {
			isa = XCBuildConfiguration;
			buildSettings = {
				ALWAYS_EMBED_SWIFT_STANDARD_LIBRARIES = YES;
				CODE_SIGN_STYLE = Automatic;
				CURRENT_PROJECT_VERSION = 1;
				DEVELOPMENT_TEAM = CSCETSS9EC;
				GENERATE_INFOPLIST_FILE = YES;
				MARKETING_VERSION = 1.0;
				PRODUCT_BUNDLE_IDENTIFIER = ios.boardGame.CoinCapUITests;
				PRODUCT_NAME = "$(TARGET_NAME)";
				SWIFT_EMIT_LOC_STRINGS = NO;
				SWIFT_VERSION = 5.0;
				TARGETED_DEVICE_FAMILY = "1,2";
				TEST_TARGET_NAME = CoinCap;
			};
			name = Release;
		};
/* End XCBuildConfiguration section */

/* Begin XCConfigurationList section */
		78691A1229787FA0006B3F8A /* Build configuration list for PBXProject "CoinCap" */ = {
			isa = XCConfigurationList;
			buildConfigurations = (
				78691A3F29787FA1006B3F8A /* Debug */,
				78691A4029787FA1006B3F8A /* Release */,
			);
			defaultConfigurationIsVisible = 0;
			defaultConfigurationName = Release;
		};
		78691A4129787FA1006B3F8A /* Build configuration list for PBXNativeTarget "CoinCap" */ = {
			isa = XCConfigurationList;
			buildConfigurations = (
				78691A4229787FA1006B3F8A /* Debug */,
				78691A4329787FA1006B3F8A /* Release */,
			);
			defaultConfigurationIsVisible = 0;
			defaultConfigurationName = Release;
		};
		78691A4429787FA1006B3F8A /* Build configuration list for PBXNativeTarget "CoinCapTests" */ = {
			isa = XCConfigurationList;
			buildConfigurations = (
				78691A4529787FA1006B3F8A /* Debug */,
				78691A4629787FA1006B3F8A /* Release */,
			);
			defaultConfigurationIsVisible = 0;
			defaultConfigurationName = Release;
		};
		78691A4729787FA1006B3F8A /* Build configuration list for PBXNativeTarget "CoinCapUITests" */ = {
			isa = XCConfigurationList;
			buildConfigurations = (
				78691A4829787FA1006B3F8A /* Debug */,
				78691A4929787FA1006B3F8A /* Release */,
			);
			defaultConfigurationIsVisible = 0;
			defaultConfigurationName = Release;
		};
/* End XCConfigurationList section */

/* Begin XCRemoteSwiftPackageReference section */
		78691A5029789D10006B3F8A /* XCRemoteSwiftPackageReference "Starscream" */ = {
			isa = XCRemoteSwiftPackageReference;
			repositoryURL = "https://github.com/daltoniam/Starscream.git";
			requirement = {
				kind = upToNextMajorVersion;
				minimumVersion = 4.0.0;
			};
		};
		78691A752979E6D1006B3F8A /* XCRemoteSwiftPackageReference "SwiftyBeaver" */ = {
			isa = XCRemoteSwiftPackageReference;
			repositoryURL = "https://github.com/SwiftyBeaver/SwiftyBeaver.git";
			requirement = {
				kind = upToNextMajorVersion;
				minimumVersion = 1.0.0;
			};
		};
/* End XCRemoteSwiftPackageReference section */

/* Begin XCSwiftPackageProductDependency section */
		78691A5129789D10006B3F8A /* Starscream */ = {
			isa = XCSwiftPackageProductDependency;
			package = 78691A5029789D10006B3F8A /* XCRemoteSwiftPackageReference "Starscream" */;
			productName = Starscream;
		};
		78691A762979E6D1006B3F8A /* SwiftyBeaver */ = {
			isa = XCSwiftPackageProductDependency;
			package = 78691A752979E6D1006B3F8A /* XCRemoteSwiftPackageReference "SwiftyBeaver" */;
			productName = SwiftyBeaver;
		};
/* End XCSwiftPackageProductDependency section */
	};
	rootObject = 78691A0F29787FA0006B3F8A /* Project object */;
}
